
Microsoft Visual Studio Solution File, Format Version 12.00
# Visual Studio Version 17
VisualStudioVersion = 17.3.32825.248
MinimumVisualStudioVersion = 10.0.40219.1
Project("{2150E333-8FDC-42A3-9474-1A3956D46DE8}") = "1.Presentacion", "1.Presentacion", "{F659098C-6F61-4E93-934D-4406F431ED16}"
EndProject
Project("{2150E333-8FDC-42A3-9474-1A3956D46DE8}") = "2.WebApi", "2.WebApi", "{963B2BB6-2A58-4BC8-A337-B459272BF20F}"
EndProject
Project("{2150E333-8FDC-42A3-9474-1A3956D46DE8}") = "3.Core", "3.Core", "{44D67036-627B-4C2E-AABE-15DBF7CF775D}"
EndProject
Project("{2150E333-8FDC-42A3-9474-1A3956D46DE8}") = "4.Dominio", "4.Dominio", "{BDA3052F-BE70-4921-ACD9-32967FD0B189}"
EndProject
Project("{2150E333-8FDC-42A3-9474-1A3956D46DE8}") = "5.Infraestructura", "5.Infraestructura", "{A014EFCD-6C5D-4576-890D-D96F5081C683}"
EndProject
Project("{2150E333-8FDC-42A3-9474-1A3956D46DE8}") = "6.Ids", "6.Ids", "{B24A4583-F03F-4A51-ACE6-D888133A766D}"
EndProject
Project("{9A19103F-16F7-4668-BE54-9A1E7A4F7556}") = "ProyectoIds4.Empty.IdentityServer4AspNet", "ProyectoIds4.Empty.IdentityServer4\ProyectoIds4.Empty.IdentityServer4AspNet.csproj", "{594D58FA-44B8-4CF2-9D15-5891C1AE97D9}"
EndProject
Project("{9A19103F-16F7-4668-BE54-9A1E7A4F7556}") = "ProyectoIds4.WebApi", "ProyectoIds4.WebApi\ProyectoIds4.WebApi.csproj", "{2B94B3BC-C608-4BF9-ABA2-8829E30B5B89}"
EndProject
Project("{9A19103F-16F7-4668-BE54-9A1E7A4F7556}") = "ProyectoIds4.UI.BWA.Server", "ProyectoIds4.UI.BWA\Server\ProyectoIds4.UI.BWA.Server.csproj", "{6CF0D345-E017-441D-8FD1-1F39FEE4E27E}"
EndProject
Project("{9A19103F-16F7-4668-BE54-9A1E7A4F7556}") = "ProyectoIds4.UI.BWA.Client", "ProyectoIds4.UI.BWA\Client\ProyectoIds4.UI.BWA.Client.csproj", "{9E46E14E-D202-4F78-AA49-1AC3CF73502A}"
EndProject
Project("{9A19103F-16F7-4668-BE54-9A1E7A4F7556}") = "ProyectoIds4.UI.BWA.Shared", "ProyectoIds4.UI.BWA\Shared\ProyectoIds4.UI.BWA.Shared.csproj", "{BA8A274D-BA69-4598-91AB-A3341B5915CC}"
EndProject
Project("{9A19103F-16F7-4668-BE54-9A1E7A4F7556}") = "ProyectoIds4.Dto", "ProyectoIds4.Dto\ProyectoIds4.Dto.csproj", "{795EDC40-7521-4A07-B3A8-91B5C8F34B42}"
EndProject
Project("{9A19103F-16F7-4668-BE54-9A1E7A4F7556}") = "ProyectoIds4.AppCore", "ProyectoIds4.AppCore\ProyectoIds4.AppCore.csproj", "{B310C1C3-18BE-4CB5-8769-199BF2831033}"
EndProject
Project("{9A19103F-16F7-4668-BE54-9A1E7A4F7556}") = "ProyectoIds4.WebApi.Client", "ProyectoIds4.WebApi.Client\ProyectoIds4.WebApi.Client.csproj", "{27DD0F16-4C4B-4445-A84C-373C106567EE}"
EndProject
Global
	GlobalSection(SolutionConfigurationPlatforms) = preSolution
		Debug|Any CPU = Debug|Any CPU
		Release|Any CPU = Release|Any CPU
	EndGlobalSection
	GlobalSection(ProjectConfigurationPlatforms) = postSolution
		{594D58FA-44B8-4CF2-9D15-5891C1AE97D9}.Debug|Any CPU.ActiveCfg = Debug|Any CPU
		{594D58FA-44B8-4CF2-9D15-5891C1AE97D9}.Debug|Any CPU.Build.0 = Debug|Any CPU
		{594D58FA-44B8-4CF2-9D15-5891C1AE97D9}.Release|Any CPU.ActiveCfg = Release|Any CPU
		{594D58FA-44B8-4CF2-9D15-5891C1AE97D9}.Release|Any CPU.Build.0 = Release|Any CPU
		{2B94B3BC-C608-4BF9-ABA2-8829E30B5B89}.Debug|Any CPU.ActiveCfg = Debug|Any CPU
		{2B94B3BC-C608-4BF9-ABA2-8829E30B5B89}.Debug|Any CPU.Build.0 = Debug|Any CPU
		{2B94B3BC-C608-4BF9-ABA2-8829E30B5B89}.Release|Any CPU.ActiveCfg = Release|Any CPU
		{2B94B3BC-C608-4BF9-ABA2-8829E30B5B89}.Release|Any CPU.Build.0 = Release|Any CPU
		{6CF0D345-E017-441D-8FD1-1F39FEE4E27E}.Debug|Any CPU.ActiveCfg = Debug|Any CPU
		{6CF0D345-E017-441D-8FD1-1F39FEE4E27E}.Debug|Any CPU.Build.0 = Debug|Any CPU
		{6CF0D345-E017-441D-8FD1-1F39FEE4E27E}.Release|Any CPU.ActiveCfg = Release|Any CPU
		{6CF0D345-E017-441D-8FD1-1F39FEE4E27E}.Release|Any CPU.Build.0 = Release|Any CPU
		{9E46E14E-D202-4F78-AA49-1AC3CF73502A}.Debug|Any CPU.ActiveCfg = Debug|Any CPU
		{9E46E14E-D202-4F78-AA49-1AC3CF73502A}.Debug|Any CPU.Build.0 = Debug|Any CPU
		{9E46E14E-D202-4F78-AA49-1AC3CF73502A}.Release|Any CPU.ActiveCfg = Release|Any CPU
		{9E46E14E-D202-4F78-AA49-1AC3CF73502A}.Release|Any CPU.Build.0 = Release|Any CPU
		{BA8A274D-BA69-4598-91AB-A3341B5915CC}.Debug|Any CPU.ActiveCfg = Debug|Any CPU
		{BA8A274D-BA69-4598-91AB-A3341B5915CC}.Debug|Any CPU.Build.0 = Debug|Any CPU
		{BA8A274D-BA69-4598-91AB-A3341B5915CC}.Release|Any CPU.ActiveCfg = Release|Any CPU
		{BA8A274D-BA69-4598-91AB-A3341B5915CC}.Release|Any CPU.Build.0 = Release|Any CPU
		{795EDC40-7521-4A07-B3A8-91B5C8F34B42}.Debug|Any CPU.ActiveCfg = Debug|Any CPU
		{795EDC40-7521-4A07-B3A8-91B5C8F34B42}.Debug|Any CPU.Build.0 = Debug|Any CPU
		{795EDC40-7521-4A07-B3A8-91B5C8F34B42}.Release|Any CPU.ActiveCfg = Release|Any CPU
		{795EDC40-7521-4A07-B3A8-91B5C8F34B42}.Release|Any CPU.Build.0 = Release|Any CPU
		{B310C1C3-18BE-4CB5-8769-199BF2831033}.Debug|Any CPU.ActiveCfg = Debug|Any CPU
		{B310C1C3-18BE-4CB5-8769-199BF2831033}.Debug|Any CPU.Build.0 = Debug|Any CPU
		{B310C1C3-18BE-4CB5-8769-199BF2831033}.Release|Any CPU.ActiveCfg = Release|Any CPU
		{B310C1C3-18BE-4CB5-8769-199BF2831033}.Release|Any CPU.Build.0 = Release|Any CPU
		{27DD0F16-4C4B-4445-A84C-373C106567EE}.Debug|Any CPU.ActiveCfg = Debug|Any CPU
		{27DD0F16-4C4B-4445-A84C-373C106567EE}.Debug|Any CPU.Build.0 = Debug|Any CPU
		{27DD0F16-4C4B-4445-A84C-373C106567EE}.Release|Any CPU.ActiveCfg = Release|Any CPU
		{27DD0F16-4C4B-4445-A84C-373C106567EE}.Release|Any CPU.Build.0 = Release|Any CPU
	EndGlobalSection
	GlobalSection(SolutionProperties) = preSolution
		HideSolutionNode = FALSE
	EndGlobalSection
	GlobalSection(NestedProjects) = preSolution
		{594D58FA-44B8-4CF2-9D15-5891C1AE97D9} = {B24A4583-F03F-4A51-ACE6-D888133A766D}
		{2B94B3BC-C608-4BF9-ABA2-8829E30B5B89} = {963B2BB6-2A58-4BC8-A337-B459272BF20F}
		{6CF0D345-E017-441D-8FD1-1F39FEE4E27E} = {F659098C-6F61-4E93-934D-4406F431ED16}
		{9E46E14E-D202-4F78-AA49-1AC3CF73502A} = {F659098C-6F61-4E93-934D-4406F431ED16}
		{BA8A274D-BA69-4598-91AB-A3341B5915CC} = {F659098C-6F61-4E93-934D-4406F431ED16}
		{795EDC40-7521-4A07-B3A8-91B5C8F34B42} = {44D67036-627B-4C2E-AABE-15DBF7CF775D}
		{B310C1C3-18BE-4CB5-8769-199BF2831033} = {44D67036-627B-4C2E-AABE-15DBF7CF775D}
		{27DD0F16-4C4B-4445-A84C-373C106567EE} = {963B2BB6-2A58-4BC8-A337-B459272BF20F}
	EndGlobalSection
	GlobalSection(ExtensibilityGlobals) = postSolution
		SolutionGuid = {F5035762-9D89-4616-B107-8336345B95A2}
	EndGlobalSection
EndGlobal
